
Microsoft Visual Studio Solution File, Format Version 11.00
# Visual Studio 2010
Project("{FAE04EC0-301F-11D3-BF4B-00C04F79EFBC}") = "CRISTO", "CRISTO\CRISTO.csproj", "{2ABF6CF8-B2D5-4D91-B209-44E480596444}"
EndProject
Project("{FAE04EC0-301F-11D3-BF4B-00C04F79EFBC}") = "Cristo.DAO.Schema", "Cristo.DAO.Schema\Cristo.DAO.Schema.csproj", "{711E81E7-179E-4DA1-A5DC-7296FCA16F24}"
EndProject
Project("{FAE04EC0-301F-11D3-BF4B-00C04F79EFBC}") = "Cristo.Model", "Cristo.Model\Cristo.Model.csproj", "{8D3459C4-251A-4BDB-B2F8-C2DC965F556D}"
EndProject
Project("{FAE04EC0-301F-11D3-BF4B-00C04F79EFBC}") = "Cristo.SQL", "Cristo.SQL\Cristo.SQL.csproj", "{E2CEF6E1-F2C1-4FAF-BD33-7A86188C0E33}"
EndProject
Project("{FAE04EC0-301F-11D3-BF4B-00C04F79EFBC}") = "Bosco.Utility", "Bosco.Utility\Bosco.Utility.csproj", "{4E519AC2-6104-4A87-AFAE-B4DC586201EB}"
EndProject
Project("{FAE04EC0-301F-11D3-BF4B-00C04F79EFBC}") = "Bosco.DAO", "Bosco.DAO\Bosco.DAO.csproj", "{74C2B1A6-AFC1-46E0-B164-E89836C8027E}"
EndProject
Project("{FAE04EC0-301F-11D3-BF4B-00C04F79EFBC}") = "ACPP", "Win\ACPP.csproj", "{E1EB830F-4077-4F7B-8722-34FE425E7D85}"
EndProject
Global
	GlobalSection(SourceCodeControl) = preSolution
		SccNumberOfProjects = 8
		SccProjectUniqueName0 = CRISTO\\CRISTO.csproj
		SccProjectName0 = \u0022$/APP/Source/CRISTO\u0022,\u0020IJTAAAAA
		SccLocalPath0 = CRISTO
		SccProjectUniqueName1 = Cristo.DAO.Schema\\Cristo.DAO.Schema.csproj
		SccLocalPath1 = .
		SccProjectFilePathRelativizedFromConnection1 = Cristo.DAO.Schema\\
		SccProjectUniqueName2 = Bosco.Utility\\Bosco.Utility.csproj
		SccProjectName2 = \u0022$/APP/Source/Bosco.Utility\u0022,\u0020YHAAAAAA
		SccLocalPath2 = Bosco.Utility
		SccProjectUniqueName3 = Bosco.DAO\\Bosco.DAO.csproj
		SccProjectName3 = \u0022$/APP/Source/Bosco.DAO\u0022,\u0020HBAAAAAA
		SccLocalPath3 = Bosco.DAO
		SccProjectUniqueName4 = Win\\ACPP.csproj
		SccProjectName4 = \u0022$/APP/Source/Win\u0022,\u0020QJAAAAAA
		SccLocalPath4 = Win
		SccLocalPath5 = .
		SccProjectUniqueName6 = Cristo.Model\\Cristo.Model.csproj
		SccLocalPath6 = .
		SccProjectFilePathRelativizedFromConnection6 = Cristo.Model\\
		SccProjectUniqueName7 = Cristo.SQL\\Cristo.SQL.csproj
		SccLocalPath7 = .
		SccProjectFilePathRelativizedFromConnection7 = Cristo.SQL\\
	EndGlobalSection
	GlobalSection(SolutionConfigurationPlatforms) = preSolution
		Debug|Any CPU = Debug|Any CPU
		Debug|Mixed Platforms = Debug|Mixed Platforms
		Debug|x86 = Debug|x86
		Release|Any CPU = Release|Any CPU
		Release|Mixed Platforms = Release|Mixed Platforms
		Release|x86 = Release|x86
	EndGlobalSection
	GlobalSection(ProjectConfigurationPlatforms) = postSolution
		{2ABF6CF8-B2D5-4D91-B209-44E480596444}.Debug|Any CPU.ActiveCfg = Debug|x86
		{2ABF6CF8-B2D5-4D91-B209-44E480596444}.Debug|Mixed Platforms.ActiveCfg = Debug|x86
		{2ABF6CF8-B2D5-4D91-B209-44E480596444}.Debug|Mixed Platforms.Build.0 = Debug|x86
		{2ABF6CF8-B2D5-4D91-B209-44E480596444}.Debug|x86.ActiveCfg = Debug|x86
		{2ABF6CF8-B2D5-4D91-B209-44E480596444}.Debug|x86.Build.0 = Debug|x86
		{2ABF6CF8-B2D5-4D91-B209-44E480596444}.Release|Any CPU.ActiveCfg = Release|x86
		{2ABF6CF8-B2D5-4D91-B209-44E480596444}.Release|Mixed Platforms.ActiveCfg = Release|x86
		{2ABF6CF8-B2D5-4D91-B209-44E480596444}.Release|Mixed Platforms.Build.0 = Release|x86
		{2ABF6CF8-B2D5-4D91-B209-44E480596444}.Release|x86.ActiveCfg = Release|x86
		{2ABF6CF8-B2D5-4D91-B209-44E480596444}.Release|x86.Build.0 = Release|x86
		{711E81E7-179E-4DA1-A5DC-7296FCA16F24}.Debug|Any CPU.ActiveCfg = Debug|Any CPU
		{711E81E7-179E-4DA1-A5DC-7296FCA16F24}.Debug|Any CPU.Build.0 = Debug|Any CPU
		{711E81E7-179E-4DA1-A5DC-7296FCA16F24}.Debug|Mixed Platforms.ActiveCfg = Debug|Any CPU
		{711E81E7-179E-4DA1-A5DC-7296FCA16F24}.Debug|Mixed Platforms.Build.0 = Debug|Any CPU
		{711E81E7-179E-4DA1-A5DC-7296FCA16F24}.Debug|x86.ActiveCfg = Debug|Any CPU
		{711E81E7-179E-4DA1-A5DC-7296FCA16F24}.Release|Any CPU.ActiveCfg = Release|Any CPU
		{711E81E7-179E-4DA1-A5DC-7296FCA16F24}.Release|Any CPU.Build.0 = Release|Any CPU
		{711E81E7-179E-4DA1-A5DC-7296FCA16F24}.Release|Mixed Platforms.ActiveCfg = Release|Any CPU
		{711E81E7-179E-4DA1-A5DC-7296FCA16F24}.Release|Mixed Platforms.Build.0 = Release|Any CPU
		{711E81E7-179E-4DA1-A5DC-7296FCA16F24}.Release|x86.ActiveCfg = Release|Any CPU
		{8D3459C4-251A-4BDB-B2F8-C2DC965F556D}.Debug|Any CPU.ActiveCfg = Debug|Any CPU
		{8D3459C4-251A-4BDB-B2F8-C2DC965F556D}.Debug|Any CPU.Build.0 = Debug|Any CPU
		{8D3459C4-251A-4BDB-B2F8-C2DC965F556D}.Debug|Mixed Platforms.ActiveCfg = Debug|Any CPU
		{8D3459C4-251A-4BDB-B2F8-C2DC965F556D}.Debug|Mixed Platforms.Build.0 = Debug|Any CPU
		{8D3459C4-251A-4BDB-B2F8-C2DC965F556D}.Debug|x86.ActiveCfg = Debug|Any CPU
		{8D3459C4-251A-4BDB-B2F8-C2DC965F556D}.Release|Any CPU.ActiveCfg = Release|Any CPU
		{8D3459C4-251A-4BDB-B2F8-C2DC965F556D}.Release|Any CPU.Build.0 = Release|Any CPU
		{8D3459C4-251A-4BDB-B2F8-C2DC965F556D}.Release|Mixed Platforms.ActiveCfg = Release|Any CPU
		{8D3459C4-251A-4BDB-B2F8-C2DC965F556D}.Release|Mixed Platforms.Build.0 = Release|Any CPU
		{8D3459C4-251A-4BDB-B2F8-C2DC965F556D}.Release|x86.ActiveCfg = Release|Any CPU
		{E2CEF6E1-F2C1-4FAF-BD33-7A86188C0E33}.Debug|Any CPU.ActiveCfg = Debug|Any CPU
		{E2CEF6E1-F2C1-4FAF-BD33-7A86188C0E33}.Debug|Any CPU.Build.0 = Debug|Any CPU
		{E2CEF6E1-F2C1-4FAF-BD33-7A86188C0E33}.Debug|Mixed Platforms.ActiveCfg = Debug|Any CPU
		{E2CEF6E1-F2C1-4FAF-BD33-7A86188C0E33}.Debug|Mixed Platforms.Build.0 = Debug|Any CPU
		{E2CEF6E1-F2C1-4FAF-BD33-7A86188C0E33}.Debug|x86.ActiveCfg = Debug|Any CPU
		{E2CEF6E1-F2C1-4FAF-BD33-7A86188C0E33}.Release|Any CPU.ActiveCfg = Release|Any CPU
		{E2CEF6E1-F2C1-4FAF-BD33-7A86188C0E33}.Release|Any CPU.Build.0 = Release|Any CPU
		{E2CEF6E1-F2C1-4FAF-BD33-7A86188C0E33}.Release|Mixed Platforms.ActiveCfg = Release|Any CPU
		{E2CEF6E1-F2C1-4FAF-BD33-7A86188C0E33}.Release|Mixed Platforms.Build.0 = Release|Any CPU
		{E2CEF6E1-F2C1-4FAF-BD33-7A86188C0E33}.Release|x86.ActiveCfg = Release|Any CPU
		{4E519AC2-6104-4A87-AFAE-B4DC586201EB}.Debug|Any CPU.ActiveCfg = Debug|Any CPU
		{4E519AC2-6104-4A87-AFAE-B4DC586201EB}.Debug|Any CPU.Build.0 = Debug|Any CPU
		{4E519AC2-6104-4A87-AFAE-B4DC586201EB}.Debug|Mixed Platforms.ActiveCfg = Debug|Any CPU
		{4E519AC2-6104-4A87-AFAE-B4DC586201EB}.Debug|Mixed Platforms.Build.0 = Debug|Any CPU
		{4E519AC2-6104-4A87-AFAE-B4DC586201EB}.Debug|x86.ActiveCfg = Debug|Any CPU
		{4E519AC2-6104-4A87-AFAE-B4DC586201EB}.Release|Any CPU.ActiveCfg = Release|Any CPU
		{4E519AC2-6104-4A87-AFAE-B4DC586201EB}.Release|Any CPU.Build.0 = Release|Any CPU
		{4E519AC2-6104-4A87-AFAE-B4DC586201EB}.Release|Mixed Platforms.ActiveCfg = Release|Any CPU
		{4E519AC2-6104-4A87-AFAE-B4DC586201EB}.Release|Mixed Platforms.Build.0 = Release|Any CPU
		{4E519AC2-6104-4A87-AFAE-B4DC586201EB}.Release|x86.ActiveCfg = Release|Any CPU
		{74C2B1A6-AFC1-46E0-B164-E89836C8027E}.Debug|Any CPU.ActiveCfg = Debug|Any CPU
		{74C2B1A6-AFC1-46E0-B164-E89836C8027E}.Debug|Any CPU.Build.0 = Debug|Any CPU
		{74C2B1A6-AFC1-46E0-B164-E89836C8027E}.Debug|Mixed Platforms.ActiveCfg = Debug|Any CPU
		{74C2B1A6-AFC1-46E0-B164-E89836C8027E}.Debug|Mixed Platforms.Build.0 = Debug|Any CPU
		{74C2B1A6-AFC1-46E0-B164-E89836C8027E}.Debug|x86.ActiveCfg = Debug|Any CPU
		{74C2B1A6-AFC1-46E0-B164-E89836C8027E}.Release|Any CPU.ActiveCfg = Release|Any CPU
		{74C2B1A6-AFC1-46E0-B164-E89836C8027E}.Release|Any CPU.Build.0 = Release|Any CPU
		{74C2B1A6-AFC1-46E0-B164-E89836C8027E}.Release|Mixed Platforms.ActiveCfg = Release|Any CPU
		{74C2B1A6-AFC1-46E0-B164-E89836C8027E}.Release|Mixed Platforms.Build.0 = Release|Any CPU
		{74C2B1A6-AFC1-46E0-B164-E89836C8027E}.Release|x86.ActiveCfg = Release|Any CPU
		{E1EB830F-4077-4F7B-8722-34FE425E7D85}.Debug|Any CPU.ActiveCfg = Debug|x86
		{E1EB830F-4077-4F7B-8722-34FE425E7D85}.Debug|Mixed Platforms.ActiveCfg = Debug|x86
		{E1EB830F-4077-4F7B-8722-34FE425E7D85}.Debug|Mixed Platforms.Build.0 = Debug|x86
		{E1EB830F-4077-4F7B-8722-34FE425E7D85}.Debug|x86.ActiveCfg = Debug|x86
		{E1EB830F-4077-4F7B-8722-34FE425E7D85}.Debug|x86.Build.0 = Debug|x86
		{E1EB830F-4077-4F7B-8722-34FE425E7D85}.Release|Any CPU.ActiveCfg = Release|x86
		{E1EB830F-4077-4F7B-8722-34FE425E7D85}.Release|Mixed Platforms.ActiveCfg = Release|x86
		{E1EB830F-4077-4F7B-8722-34FE425E7D85}.Release|Mixed Platforms.Build.0 = Release|x86
		{E1EB830F-4077-4F7B-8722-34FE425E7D85}.Release|x86.ActiveCfg = Release|x86
		{E1EB830F-4077-4F7B-8722-34FE425E7D85}.Release|x86.Build.0 = Release|x86
	EndGlobalSection
	GlobalSection(SolutionProperties) = preSolution
		HideSolutionNode = FALSE
	EndGlobalSection
EndGlobal
