
Microsoft Visual Studio Solution File, Format Version 11.00
# Visual Studio 2010
Project("{FAE04EC0-301F-11D3-BF4B-00C04F79EFBC}") = "Bosco.Utility", "Bosco.Utility\Bosco.Utility.csproj", "{4E519AC2-6104-4A87-AFAE-B4DC586201EB}"
EndProject
Project("{FAE04EC0-301F-11D3-BF4B-00C04F79EFBC}") = "Bosco.DAO", "Bosco.DAO\Bosco.DAO.csproj", "{74C2B1A6-AFC1-46E0-B164-E89836C8027E}"
EndProject
Project("{FAE04EC0-301F-11D3-BF4B-00C04F79EFBC}") = "Bosco.DAO.Schema", "Bosco.DAO.Schema\Bosco.DAO.Schema.csproj", "{259CF580-C69A-4146-A20F-04F138D94874}"
EndProject
Project("{FAE04EC0-301F-11D3-BF4B-00C04F79EFBC}") = "Bosco.SQL", "Bosco.SQL\Bosco.SQL.csproj", "{97ECDD93-AA2B-4798-AF52-7FD5CFF96238}"
EndProject
Project("{FAE04EC0-301F-11D3-BF4B-00C04F79EFBC}") = "Bosco.Model", "Bosco.Model\Bosco.Model.csproj", "{19174D3E-0259-4212-9BD8-479D08665238}"
EndProject
Project("{FAE04EC0-301F-11D3-BF4B-00C04F79EFBC}") = "ACPP", "Win\ACPP.csproj", "{E1EB830F-4077-4F7B-8722-34FE425E7D85}"
EndProject
Project("{FAE04EC0-301F-11D3-BF4B-00C04F79EFBC}") = "Bosco.Report", "Bosco.Report\Bosco.Report.csproj", "{59D90D5D-2D28-444D-BD5D-60150D78F449}"
EndProject
Project("{FAE04EC0-301F-11D3-BF4B-00C04F79EFBC}") = "AcMEDSync", "AcMEDSync\AcMEDSync.csproj", "{246D4396-6B15-410B-821A-FFFC735A69EB}"
EndProject
Project("{FAE04EC0-301F-11D3-BF4B-00C04F79EFBC}") = "Bosco.HOSQL", "Bosco.HOSQL\Bosco.HOSQL.csproj", "{CDF51280-6B20-455E-9076-780F459E2850}"
EndProject
Project("{FAE04EC0-301F-11D3-BF4B-00C04F79EFBC}") = "AcMEService", "AcMEService\AcMEService.csproj", "{CC17EA51-7890-4B7D-8288-9BFB94736E2A}"
EndProject
Project("{FAE04EC0-301F-11D3-BF4B-00C04F79EFBC}") = "PAYROLL", "PAYROLL\PAYROLL.csproj", "{88CF08BE-FE89-443C-A0E0-D2C79220B5BE}"
EndProject
Project("{FAE04EC0-301F-11D3-BF4B-00C04F79EFBC}") = "Payroll.Model", "Payroll.Model\Payroll.Model.csproj", "{0C3EC300-CB45-434A-B834-727A580A080F}"
EndProject
Project("{FAE04EC0-301F-11D3-BF4B-00C04F79EFBC}") = "Payroll.DAO.Schema", "Payroll.DAO.Schema\Payroll.DAO.Schema.csproj", "{4DD9FBBC-6B4D-4D4B-AEB2-C09C9C6DE027}"
EndProject
Project("{FAE04EC0-301F-11D3-BF4B-00C04F79EFBC}") = "Payroll.SQL", "Payroll.SQL\Payroll.SQL.csproj", "{8D7433C5-9392-4603-8B09-E0DF60783349}"
EndProject
Project("{FAE04EC0-301F-11D3-BF4B-00C04F79EFBC}") = "SUPPORT", "SUPPORT\SUPPORT.csproj", "{5C52C3C1-62BC-410B-8B03-21705284C37B}"
EndProject
Global
	GlobalSection(SourceCodeControl) = preSolution
		SccNumberOfProjects = 15
		SccProjectUniqueName0 = Win\\ACPP.csproj
		SccProjectName0 = \u0022$/APP/Source/Win\u0022,\u0020QJAAAAAA
		SccLocalPath0 = Win
		SccProvider0 = MSSCCI:Microsoft\u0020Visual\u0020SourceSafe
		SccProjectUniqueName1 = Bosco.DAO\\Bosco.DAO.csproj
		SccProjectName1 = \u0022$/APP/Source/Bosco.DAO\u0022,\u0020HBAAAAAA
		SccLocalPath1 = Bosco.DAO
		SccProvider1 = MSSCCI:Microsoft\u0020Visual\u0020SourceSafe
		SccProjectUniqueName2 = Bosco.Utility\\Bosco.Utility.csproj
		SccProjectName2 = \u0022$/APP/Source/Bosco.Utility\u0022,\u0020YHAAAAAA
		SccLocalPath2 = Bosco.Utility
		SccProvider2 = MSSCCI:Microsoft\u0020Visual\u0020SourceSafe
		SccProjectUniqueName3 = Bosco.DAO.Schema\\Bosco.DAO.Schema.csproj
		SccProjectName3 = \u0022$/APP/Source/Bosco.DAO.Schema\u0022,\u0020OCAAAAAA
		SccLocalPath3 = Bosco.DAO.Schema
		SccProvider3 = MSSCCI:Microsoft\u0020Visual\u0020SourceSafe
		SccProjectUniqueName4 = Bosco.SQL\\Bosco.SQL.csproj
		SccProjectName4 = \u0022$/APP/Source/Bosco.SQL\u0022,\u0020WFAAAAAA
		SccLocalPath4 = Bosco.SQL
		SccProvider4 = MSSCCI:Microsoft\u0020Visual\u0020SourceSafe
		SccProjectUniqueName5 = Bosco.Model\\Bosco.Model.csproj
		SccProjectName5 = \u0022$/APP/Source/Bosco.Model\u0022,\u0020UDAAAAAA
		SccLocalPath5 = Bosco.Model
		SccProvider5 = MSSCCI:Microsoft\u0020Visual\u0020SourceSafe
		SccProjectUniqueName6 = Bosco.Report\\Bosco.Report.csproj
		SccProjectName6 = \u0022$/APP/Source/Bosco.Report\u0022,\u0020PGBAAAAA
		SccLocalPath6 = Bosco.Report
		SccProvider6 = MSSCCI:Microsoft\u0020Visual\u0020SourceSafe
		SccProjectUniqueName7 = Bosco.HOSQL\\Bosco.HOSQL.csproj
		SccProjectName7 = \u0022$/APP/Source/Bosco.HOSQL\u0022,\u0020WGGAAAAA
		SccLocalPath7 = Bosco.HOSQL
		SccProvider7 = MSSCCI:Microsoft\u0020Visual\u0020SourceSafe
		SccProjectUniqueName8 = PAYROLL\\PAYROLL.csproj
		SccProjectName8 = \u0022$/APP/Source/PAYROLL\u0022,\u0020NQLAAAAA
		SccLocalPath8 = PAYROLL
		SccProvider8 = MSSCCI:Microsoft\u0020Visual\u0020SourceSafe
		SccProjectUniqueName9 = Payroll.Model\\Payroll.Model.csproj
		SccProjectName9 = \u0022$/APP/Source/Payroll.Model\u0022,\u0020KEMAAAAA
		SccLocalPath9 = Payroll.Model
		SccProvider9 = MSSCCI:Microsoft\u0020Visual\u0020SourceSafe
		SccProjectUniqueName10 = Payroll.DAO.Schema\\Payroll.DAO.Schema.csproj
		SccProjectName10 = \u0022$/APP/Source/Payroll.DAO.Schema\u0022,\u0020HEMAAAAA
		SccLocalPath10 = Payroll.DAO.Schema
		SccProvider10 = MSSCCI:Microsoft\u0020Visual\u0020SourceSafe
		SccProjectUniqueName11 = Payroll.SQL\\Payroll.SQL.csproj
		SccProjectName11 = \u0022$/APP/Source/Payroll.SQL\u0022,\u0020NEMAAAAA
		SccLocalPath11 = Payroll.SQL
		SccProvider11 = MSSCCI:Microsoft\u0020Visual\u0020SourceSafe
		SccProjectUniqueName12 = AcMEDSync\\AcMEDSync.csproj
		SccProjectName12 = \u0022$/APP/Source/AcMEDSync\u0022,\u0020KCFAAAAA
		SccLocalPath12 = AcMEDSync
		SccProvider12 = MSSCCI:Microsoft\u0020Visual\u0020SourceSafe
		SccProjectUniqueName13 = AcMEService\\AcMEService.csproj
		SccProjectName13 = \u0022$/APP/Source/AcMEService\u0022,\u0020HJLAAAAA
		SccLocalPath13 = AcMEService
		SccProvider13 = MSSCCI:Microsoft\u0020Visual\u0020SourceSafe
		SccProjectUniqueName14 = SUPPORT\\SUPPORT.csproj
		SccProjectName14 = \u0022$/APP/Source/SUPPORT\u0022,\u0020EBUAAAAA
		SccLocalPath14 = SUPPORT
		SccProvider14 = MSSCCI:Microsoft\u0020Visual\u0020SourceSafe
	EndGlobalSection
	GlobalSection(SolutionConfigurationPlatforms) = preSolution
		Debug|Any CPU = Debug|Any CPU
		Debug|Mixed Platforms = Debug|Mixed Platforms
		Debug|x86 = Debug|x86
		Release|Any CPU = Release|Any CPU
		Release|Mixed Platforms = Release|Mixed Platforms
		Release|x86 = Release|x86
	EndGlobalSection
	GlobalSection(ProjectConfigurationPlatforms) = postSolution
		{4E519AC2-6104-4A87-AFAE-B4DC586201EB}.Debug|Any CPU.ActiveCfg = Debug|Any CPU
		{4E519AC2-6104-4A87-AFAE-B4DC586201EB}.Debug|Any CPU.Build.0 = Debug|Any CPU
		{4E519AC2-6104-4A87-AFAE-B4DC586201EB}.Debug|Mixed Platforms.ActiveCfg = Debug|Any CPU
		{4E519AC2-6104-4A87-AFAE-B4DC586201EB}.Debug|Mixed Platforms.Build.0 = Debug|Any CPU
		{4E519AC2-6104-4A87-AFAE-B4DC586201EB}.Debug|x86.ActiveCfg = Debug|Any CPU
		{4E519AC2-6104-4A87-AFAE-B4DC586201EB}.Release|Any CPU.ActiveCfg = Release|Any CPU
		{4E519AC2-6104-4A87-AFAE-B4DC586201EB}.Release|Any CPU.Build.0 = Release|Any CPU
		{4E519AC2-6104-4A87-AFAE-B4DC586201EB}.Release|Mixed Platforms.ActiveCfg = Release|Any CPU
		{4E519AC2-6104-4A87-AFAE-B4DC586201EB}.Release|Mixed Platforms.Build.0 = Release|Any CPU
		{4E519AC2-6104-4A87-AFAE-B4DC586201EB}.Release|x86.ActiveCfg = Release|Any CPU
		{74C2B1A6-AFC1-46E0-B164-E89836C8027E}.Debug|Any CPU.ActiveCfg = Debug|Any CPU
		{74C2B1A6-AFC1-46E0-B164-E89836C8027E}.Debug|Any CPU.Build.0 = Debug|Any CPU
		{74C2B1A6-AFC1-46E0-B164-E89836C8027E}.Debug|Mixed Platforms.ActiveCfg = Debug|Any CPU
		{74C2B1A6-AFC1-46E0-B164-E89836C8027E}.Debug|Mixed Platforms.Build.0 = Debug|Any CPU
		{74C2B1A6-AFC1-46E0-B164-E89836C8027E}.Debug|x86.ActiveCfg = Debug|Any CPU
		{74C2B1A6-AFC1-46E0-B164-E89836C8027E}.Release|Any CPU.ActiveCfg = Release|Any CPU
		{74C2B1A6-AFC1-46E0-B164-E89836C8027E}.Release|Any CPU.Build.0 = Release|Any CPU
		{74C2B1A6-AFC1-46E0-B164-E89836C8027E}.Release|Mixed Platforms.ActiveCfg = Release|Any CPU
		{74C2B1A6-AFC1-46E0-B164-E89836C8027E}.Release|Mixed Platforms.Build.0 = Release|Any CPU
		{74C2B1A6-AFC1-46E0-B164-E89836C8027E}.Release|x86.ActiveCfg = Release|Any CPU
		{259CF580-C69A-4146-A20F-04F138D94874}.Debug|Any CPU.ActiveCfg = Debug|Any CPU
		{259CF580-C69A-4146-A20F-04F138D94874}.Debug|Any CPU.Build.0 = Debug|Any CPU
		{259CF580-C69A-4146-A20F-04F138D94874}.Debug|Mixed Platforms.ActiveCfg = Debug|Any CPU
		{259CF580-C69A-4146-A20F-04F138D94874}.Debug|Mixed Platforms.Build.0 = Debug|Any CPU
		{259CF580-C69A-4146-A20F-04F138D94874}.Debug|x86.ActiveCfg = Debug|Any CPU
		{259CF580-C69A-4146-A20F-04F138D94874}.Release|Any CPU.ActiveCfg = Release|Any CPU
		{259CF580-C69A-4146-A20F-04F138D94874}.Release|Any CPU.Build.0 = Release|Any CPU
		{259CF580-C69A-4146-A20F-04F138D94874}.Release|Mixed Platforms.ActiveCfg = Release|Any CPU
		{259CF580-C69A-4146-A20F-04F138D94874}.Release|Mixed Platforms.Build.0 = Release|Any CPU
		{259CF580-C69A-4146-A20F-04F138D94874}.Release|x86.ActiveCfg = Release|Any CPU
		{97ECDD93-AA2B-4798-AF52-7FD5CFF96238}.Debug|Any CPU.ActiveCfg = Debug|Any CPU
		{97ECDD93-AA2B-4798-AF52-7FD5CFF96238}.Debug|Any CPU.Build.0 = Debug|Any CPU
		{97ECDD93-AA2B-4798-AF52-7FD5CFF96238}.Debug|Mixed Platforms.ActiveCfg = Debug|Any CPU
		{97ECDD93-AA2B-4798-AF52-7FD5CFF96238}.Debug|Mixed Platforms.Build.0 = Debug|Any CPU
		{97ECDD93-AA2B-4798-AF52-7FD5CFF96238}.Debug|x86.ActiveCfg = Debug|Any CPU
		{97ECDD93-AA2B-4798-AF52-7FD5CFF96238}.Release|Any CPU.ActiveCfg = Release|Any CPU
		{97ECDD93-AA2B-4798-AF52-7FD5CFF96238}.Release|Any CPU.Build.0 = Release|Any CPU
		{97ECDD93-AA2B-4798-AF52-7FD5CFF96238}.Release|Mixed Platforms.ActiveCfg = Release|Any CPU
		{97ECDD93-AA2B-4798-AF52-7FD5CFF96238}.Release|Mixed Platforms.Build.0 = Release|Any CPU
		{97ECDD93-AA2B-4798-AF52-7FD5CFF96238}.Release|x86.ActiveCfg = Release|Any CPU
		{19174D3E-0259-4212-9BD8-479D08665238}.Debug|Any CPU.ActiveCfg = Debug|Any CPU
		{19174D3E-0259-4212-9BD8-479D08665238}.Debug|Any CPU.Build.0 = Debug|Any CPU
		{19174D3E-0259-4212-9BD8-479D08665238}.Debug|Mixed Platforms.ActiveCfg = Debug|Any CPU
		{19174D3E-0259-4212-9BD8-479D08665238}.Debug|Mixed Platforms.Build.0 = Debug|Any CPU
		{19174D3E-0259-4212-9BD8-479D08665238}.Debug|x86.ActiveCfg = Debug|Any CPU
		{19174D3E-0259-4212-9BD8-479D08665238}.Release|Any CPU.ActiveCfg = Release|Any CPU
		{19174D3E-0259-4212-9BD8-479D08665238}.Release|Any CPU.Build.0 = Release|Any CPU
		{19174D3E-0259-4212-9BD8-479D08665238}.Release|Mixed Platforms.ActiveCfg = Release|Any CPU
		{19174D3E-0259-4212-9BD8-479D08665238}.Release|Mixed Platforms.Build.0 = Release|Any CPU
		{19174D3E-0259-4212-9BD8-479D08665238}.Release|x86.ActiveCfg = Release|Any CPU
		{E1EB830F-4077-4F7B-8722-34FE425E7D85}.Debug|Any CPU.ActiveCfg = Debug|x86
		{E1EB830F-4077-4F7B-8722-34FE425E7D85}.Debug|Any CPU.Build.0 = Debug|x86
		{E1EB830F-4077-4F7B-8722-34FE425E7D85}.Debug|Mixed Platforms.ActiveCfg = Debug|x86
		{E1EB830F-4077-4F7B-8722-34FE425E7D85}.Debug|Mixed Platforms.Build.0 = Debug|x86
		{E1EB830F-4077-4F7B-8722-34FE425E7D85}.Debug|x86.ActiveCfg = Debug|x86
		{E1EB830F-4077-4F7B-8722-34FE425E7D85}.Debug|x86.Build.0 = Debug|x86
		{E1EB830F-4077-4F7B-8722-34FE425E7D85}.Release|Any CPU.ActiveCfg = Release|x86
		{E1EB830F-4077-4F7B-8722-34FE425E7D85}.Release|Mixed Platforms.ActiveCfg = Release|x86
		{E1EB830F-4077-4F7B-8722-34FE425E7D85}.Release|Mixed Platforms.Build.0 = Release|x86
		{E1EB830F-4077-4F7B-8722-34FE425E7D85}.Release|x86.ActiveCfg = Release|x86
		{E1EB830F-4077-4F7B-8722-34FE425E7D85}.Release|x86.Build.0 = Release|x86
		{59D90D5D-2D28-444D-BD5D-60150D78F449}.Debug|Any CPU.ActiveCfg = Debug|Any CPU
		{59D90D5D-2D28-444D-BD5D-60150D78F449}.Debug|Any CPU.Build.0 = Debug|Any CPU
		{59D90D5D-2D28-444D-BD5D-60150D78F449}.Debug|Mixed Platforms.ActiveCfg = Debug|Any CPU
		{59D90D5D-2D28-444D-BD5D-60150D78F449}.Debug|Mixed Platforms.Build.0 = Debug|Any CPU
		{59D90D5D-2D28-444D-BD5D-60150D78F449}.Debug|x86.ActiveCfg = Debug|Any CPU
		{59D90D5D-2D28-444D-BD5D-60150D78F449}.Release|Any CPU.ActiveCfg = Release|Any CPU
		{59D90D5D-2D28-444D-BD5D-60150D78F449}.Release|Any CPU.Build.0 = Release|Any CPU
		{59D90D5D-2D28-444D-BD5D-60150D78F449}.Release|Mixed Platforms.ActiveCfg = Release|Any CPU
		{59D90D5D-2D28-444D-BD5D-60150D78F449}.Release|Mixed Platforms.Build.0 = Release|Any CPU
		{59D90D5D-2D28-444D-BD5D-60150D78F449}.Release|x86.ActiveCfg = Release|Any CPU
		{246D4396-6B15-410B-821A-FFFC735A69EB}.Debug|Any CPU.ActiveCfg = Debug|Any CPU
		{246D4396-6B15-410B-821A-FFFC735A69EB}.Debug|Any CPU.Build.0 = Debug|Any CPU
		{246D4396-6B15-410B-821A-FFFC735A69EB}.Debug|Mixed Platforms.ActiveCfg = Debug|Any CPU
		{246D4396-6B15-410B-821A-FFFC735A69EB}.Debug|Mixed Platforms.Build.0 = Debug|Any CPU
		{246D4396-6B15-410B-821A-FFFC735A69EB}.Debug|x86.ActiveCfg = Debug|Any CPU
		{246D4396-6B15-410B-821A-FFFC735A69EB}.Release|Any CPU.ActiveCfg = Release|Any CPU
		{246D4396-6B15-410B-821A-FFFC735A69EB}.Release|Any CPU.Build.0 = Release|Any CPU
		{246D4396-6B15-410B-821A-FFFC735A69EB}.Release|Mixed Platforms.ActiveCfg = Release|Any CPU
		{246D4396-6B15-410B-821A-FFFC735A69EB}.Release|Mixed Platforms.Build.0 = Release|Any CPU
		{246D4396-6B15-410B-821A-FFFC735A69EB}.Release|x86.ActiveCfg = Release|Any CPU
		{CDF51280-6B20-455E-9076-780F459E2850}.Debug|Any CPU.ActiveCfg = Debug|Any CPU
		{CDF51280-6B20-455E-9076-780F459E2850}.Debug|Any CPU.Build.0 = Debug|Any CPU
		{CDF51280-6B20-455E-9076-780F459E2850}.Debug|Mixed Platforms.ActiveCfg = Debug|Any CPU
		{CDF51280-6B20-455E-9076-780F459E2850}.Debug|Mixed Platforms.Build.0 = Debug|Any CPU
		{CDF51280-6B20-455E-9076-780F459E2850}.Debug|x86.ActiveCfg = Debug|Any CPU
		{CDF51280-6B20-455E-9076-780F459E2850}.Release|Any CPU.ActiveCfg = Release|Any CPU
		{CDF51280-6B20-455E-9076-780F459E2850}.Release|Any CPU.Build.0 = Release|Any CPU
		{CDF51280-6B20-455E-9076-780F459E2850}.Release|Mixed Platforms.ActiveCfg = Release|Any CPU
		{CDF51280-6B20-455E-9076-780F459E2850}.Release|Mixed Platforms.Build.0 = Release|Any CPU
		{CDF51280-6B20-455E-9076-780F459E2850}.Release|x86.ActiveCfg = Release|Any CPU
		{CC17EA51-7890-4B7D-8288-9BFB94736E2A}.Debug|Any CPU.ActiveCfg = Debug|Any CPU
		{CC17EA51-7890-4B7D-8288-9BFB94736E2A}.Debug|Any CPU.Build.0 = Debug|Any CPU
		{CC17EA51-7890-4B7D-8288-9BFB94736E2A}.Debug|Mixed Platforms.ActiveCfg = Debug|Any CPU
		{CC17EA51-7890-4B7D-8288-9BFB94736E2A}.Debug|Mixed Platforms.Build.0 = Debug|Any CPU
		{CC17EA51-7890-4B7D-8288-9BFB94736E2A}.Debug|x86.ActiveCfg = Debug|Any CPU
		{CC17EA51-7890-4B7D-8288-9BFB94736E2A}.Release|Any CPU.ActiveCfg = Release|Any CPU
		{CC17EA51-7890-4B7D-8288-9BFB94736E2A}.Release|Any CPU.Build.0 = Release|Any CPU
		{CC17EA51-7890-4B7D-8288-9BFB94736E2A}.Release|Mixed Platforms.ActiveCfg = Release|Any CPU
		{CC17EA51-7890-4B7D-8288-9BFB94736E2A}.Release|Mixed Platforms.Build.0 = Release|Any CPU
		{CC17EA51-7890-4B7D-8288-9BFB94736E2A}.Release|x86.ActiveCfg = Release|Any CPU
		{88CF08BE-FE89-443C-A0E0-D2C79220B5BE}.Debug|Any CPU.ActiveCfg = Debug|Any CPU
		{88CF08BE-FE89-443C-A0E0-D2C79220B5BE}.Debug|Any CPU.Build.0 = Debug|Any CPU
		{88CF08BE-FE89-443C-A0E0-D2C79220B5BE}.Debug|Mixed Platforms.ActiveCfg = Debug|Any CPU
		{88CF08BE-FE89-443C-A0E0-D2C79220B5BE}.Debug|Mixed Platforms.Build.0 = Debug|Any CPU
		{88CF08BE-FE89-443C-A0E0-D2C79220B5BE}.Debug|x86.ActiveCfg = Debug|Any CPU
		{88CF08BE-FE89-443C-A0E0-D2C79220B5BE}.Release|Any CPU.ActiveCfg = Release|Any CPU
		{88CF08BE-FE89-443C-A0E0-D2C79220B5BE}.Release|Any CPU.Build.0 = Release|Any CPU
		{88CF08BE-FE89-443C-A0E0-D2C79220B5BE}.Release|Mixed Platforms.ActiveCfg = Release|Any CPU
		{88CF08BE-FE89-443C-A0E0-D2C79220B5BE}.Release|Mixed Platforms.Build.0 = Release|Any CPU
		{88CF08BE-FE89-443C-A0E0-D2C79220B5BE}.Release|x86.ActiveCfg = Release|Any CPU
		{0C3EC300-CB45-434A-B834-727A580A080F}.Debug|Any CPU.ActiveCfg = Debug|Any CPU
		{0C3EC300-CB45-434A-B834-727A580A080F}.Debug|Any CPU.Build.0 = Debug|Any CPU
		{0C3EC300-CB45-434A-B834-727A580A080F}.Debug|Mixed Platforms.ActiveCfg = Debug|Any CPU
		{0C3EC300-CB45-434A-B834-727A580A080F}.Debug|Mixed Platforms.Build.0 = Debug|Any CPU
		{0C3EC300-CB45-434A-B834-727A580A080F}.Debug|x86.ActiveCfg = Debug|Any CPU
		{0C3EC300-CB45-434A-B834-727A580A080F}.Release|Any CPU.ActiveCfg = Release|Any CPU
		{0C3EC300-CB45-434A-B834-727A580A080F}.Release|Any CPU.Build.0 = Release|Any CPU
		{0C3EC300-CB45-434A-B834-727A580A080F}.Release|Mixed Platforms.ActiveCfg = Release|Any CPU
		{0C3EC300-CB45-434A-B834-727A580A080F}.Release|Mixed Platforms.Build.0 = Release|Any CPU
		{0C3EC300-CB45-434A-B834-727A580A080F}.Release|x86.ActiveCfg = Release|Any CPU
		{4DD9FBBC-6B4D-4D4B-AEB2-C09C9C6DE027}.Debug|Any CPU.ActiveCfg = Debug|Any CPU
		{4DD9FBBC-6B4D-4D4B-AEB2-C09C9C6DE027}.Debug|Any CPU.Build.0 = Debug|Any CPU
		{4DD9FBBC-6B4D-4D4B-AEB2-C09C9C6DE027}.Debug|Mixed Platforms.ActiveCfg = Debug|Any CPU
		{4DD9FBBC-6B4D-4D4B-AEB2-C09C9C6DE027}.Debug|Mixed Platforms.Build.0 = Debug|Any CPU
		{4DD9FBBC-6B4D-4D4B-AEB2-C09C9C6DE027}.Debug|x86.ActiveCfg = Debug|Any CPU
		{4DD9FBBC-6B4D-4D4B-AEB2-C09C9C6DE027}.Release|Any CPU.ActiveCfg = Release|Any CPU
		{4DD9FBBC-6B4D-4D4B-AEB2-C09C9C6DE027}.Release|Any CPU.Build.0 = Release|Any CPU
		{4DD9FBBC-6B4D-4D4B-AEB2-C09C9C6DE027}.Release|Mixed Platforms.ActiveCfg = Release|Any CPU
		{4DD9FBBC-6B4D-4D4B-AEB2-C09C9C6DE027}.Release|Mixed Platforms.Build.0 = Release|Any CPU
		{4DD9FBBC-6B4D-4D4B-AEB2-C09C9C6DE027}.Release|x86.ActiveCfg = Release|Any CPU
		{8D7433C5-9392-4603-8B09-E0DF60783349}.Debug|Any CPU.ActiveCfg = Debug|Any CPU
		{8D7433C5-9392-4603-8B09-E0DF60783349}.Debug|Any CPU.Build.0 = Debug|Any CPU
		{8D7433C5-9392-4603-8B09-E0DF60783349}.Debug|Mixed Platforms.ActiveCfg = Debug|Any CPU
		{8D7433C5-9392-4603-8B09-E0DF60783349}.Debug|Mixed Platforms.Build.0 = Debug|Any CPU
		{8D7433C5-9392-4603-8B09-E0DF60783349}.Debug|x86.ActiveCfg = Debug|Any CPU
		{8D7433C5-9392-4603-8B09-E0DF60783349}.Release|Any CPU.ActiveCfg = Release|Any CPU
		{8D7433C5-9392-4603-8B09-E0DF60783349}.Release|Any CPU.Build.0 = Release|Any CPU
		{8D7433C5-9392-4603-8B09-E0DF60783349}.Release|Mixed Platforms.ActiveCfg = Release|Any CPU
		{8D7433C5-9392-4603-8B09-E0DF60783349}.Release|Mixed Platforms.Build.0 = Release|Any CPU
		{8D7433C5-9392-4603-8B09-E0DF60783349}.Release|x86.ActiveCfg = Release|Any CPU
		{5C52C3C1-62BC-410B-8B03-21705284C37B}.Debug|Any CPU.ActiveCfg = Debug|Any CPU
		{5C52C3C1-62BC-410B-8B03-21705284C37B}.Debug|Any CPU.Build.0 = Debug|Any CPU
		{5C52C3C1-62BC-410B-8B03-21705284C37B}.Debug|Mixed Platforms.ActiveCfg = Debug|Any CPU
		{5C52C3C1-62BC-410B-8B03-21705284C37B}.Debug|Mixed Platforms.Build.0 = Debug|Any CPU
		{5C52C3C1-62BC-410B-8B03-21705284C37B}.Debug|x86.ActiveCfg = Debug|Any CPU
		{5C52C3C1-62BC-410B-8B03-21705284C37B}.Release|Any CPU.ActiveCfg = Release|Any CPU
		{5C52C3C1-62BC-410B-8B03-21705284C37B}.Release|Any CPU.Build.0 = Release|Any CPU
		{5C52C3C1-62BC-410B-8B03-21705284C37B}.Release|Mixed Platforms.ActiveCfg = Release|Any CPU
		{5C52C3C1-62BC-410B-8B03-21705284C37B}.Release|Mixed Platforms.Build.0 = Release|Any CPU
		{5C52C3C1-62BC-410B-8B03-21705284C37B}.Release|x86.ActiveCfg = Release|Any CPU
	EndGlobalSection
	GlobalSection(SolutionProperties) = preSolution
		HideSolutionNode = FALSE
	EndGlobalSection
EndGlobal
