
Microsoft Visual Studio Solution File, Format Version 11.00
# Visual Studio 2010
Project("{FAE04EC0-301F-11D3-BF4B-00C04F79EFBC}") = "Bosco.Utility", "Bosco.Utility\Bosco.Utility.csproj", "{4E519AC2-6104-4A87-AFAE-B4DC586201EB}"
EndProject
Project("{FAE04EC0-301F-11D3-BF4B-00C04F79EFBC}") = "Bosco.DAO", "Bosco.DAO\Bosco.DAO.csproj", "{74C2B1A6-AFC1-46E0-B164-E89836C8027E}"
EndProject
Project("{FAE04EC0-301F-11D3-BF4B-00C04F79EFBC}") = "Bosco.DAO.Schema", "Bosco.DAO.Schema\Bosco.DAO.Schema.csproj", "{259CF580-C69A-4146-A20F-04F138D94874}"
EndProject
Project("{FAE04EC0-301F-11D3-BF4B-00C04F79EFBC}") = "AcMEDSync", "AcMEDSync\AcMEDSync.csproj", "{246D4396-6B15-410B-821A-FFFC735A69EB}"
EndProject
Project("{FAE04EC0-301F-11D3-BF4B-00C04F79EFBC}") = "AcMEDS", "AcMEDS\AcMEDS.csproj", "{7E457590-9C22-40C5-8986-8BF102A5517F}"
EndProject
Project("{54435603-DBB4-11D2-8724-00A0C9A8B90C}") = "AcMEDSsetup", "AcMEDSsetup\AcMEDSsetup.vdproj", "{9B21FD87-C546-4D8A-AD75-A5B70C584478}"
EndProject
Project("{FAE04EC0-301F-11D3-BF4B-00C04F79EFBC}") = "Bosco.HOSQL", "Bosco.HOSQL\Bosco.HOSQL.csproj", "{CDF51280-6B20-455E-9076-780F459E2850}"
EndProject
Global
	GlobalSection(SourceCodeControl) = preSolution
		SccNumberOfProjects = 8
		SccLocalPath0 = .
		SccProjectUniqueName1 = Bosco.Utility\\Bosco.Utility.csproj
		SccProjectName1 = \u0022$/APP/Source/Bosco.Utility\u0022,\u0020YHAAAAAA
		SccLocalPath1 = Bosco.Utility
		SccProjectUniqueName2 = Bosco.DAO\\Bosco.DAO.csproj
		SccProjectName2 = \u0022$/APP/Source/Bosco.DAO\u0022,\u0020HBAAAAAA
		SccLocalPath2 = Bosco.DAO
		SccProjectUniqueName3 = Bosco.DAO.Schema\\Bosco.DAO.Schema.csproj
		SccProjectName3 = \u0022$/APP/Source/Bosco.DAO.Schema\u0022,\u0020OCAAAAAA
		SccLocalPath3 = Bosco.DAO.Schema
		SccProjectUniqueName4 = AcMEDSync\\AcMEDSync.csproj
		SccProjectName4 = \u0022$/APP/Source/AcMEDSync\u0022,\u0020KCFAAAAA
		SccLocalPath4 = AcMEDSync
		SccProjectUniqueName5 = AcMEDS\\AcMEDS.csproj
		SccProjectName5 = \u0022$/APP/Source/AcMEDS\u0022,\u0020VAFAAAAA
		SccLocalPath5 = AcMEDS
		SccProjectUniqueName6 = AcMEDSsetup\\AcMEDSsetup.vdproj
		SccProjectName6 = \u0022$/APP/Source/AcMEDSsetup\u0022,\u0020GDFAAAAA
		SccLocalPath6 = AcMEDSsetup
		SccProjectUniqueName7 = Bosco.HOSQL\\Bosco.HOSQL.csproj
		SccProjectName7 = \u0022$/APP/Source/Bosco.HOSQL\u0022,\u0020WGGAAAAA
		SccLocalPath7 = Bosco.HOSQL
	EndGlobalSection
	GlobalSection(SolutionConfigurationPlatforms) = preSolution
		Debug|Any CPU = Debug|Any CPU
		Debug|Mixed Platforms = Debug|Mixed Platforms
		Debug|x86 = Debug|x86
		Release|Any CPU = Release|Any CPU
		Release|Mixed Platforms = Release|Mixed Platforms
		Release|x86 = Release|x86
	EndGlobalSection
	GlobalSection(ProjectConfigurationPlatforms) = postSolution
		{4E519AC2-6104-4A87-AFAE-B4DC586201EB}.Debug|Any CPU.ActiveCfg = Debug|Any CPU
		{4E519AC2-6104-4A87-AFAE-B4DC586201EB}.Debug|Any CPU.Build.0 = Debug|Any CPU
		{4E519AC2-6104-4A87-AFAE-B4DC586201EB}.Debug|Mixed Platforms.ActiveCfg = Debug|Any CPU
		{4E519AC2-6104-4A87-AFAE-B4DC586201EB}.Debug|Mixed Platforms.Build.0 = Debug|Any CPU
		{4E519AC2-6104-4A87-AFAE-B4DC586201EB}.Debug|x86.ActiveCfg = Debug|Any CPU
		{4E519AC2-6104-4A87-AFAE-B4DC586201EB}.Release|Any CPU.ActiveCfg = Release|Any CPU
		{4E519AC2-6104-4A87-AFAE-B4DC586201EB}.Release|Any CPU.Build.0 = Release|Any CPU
		{4E519AC2-6104-4A87-AFAE-B4DC586201EB}.Release|Mixed Platforms.ActiveCfg = Release|Any CPU
		{4E519AC2-6104-4A87-AFAE-B4DC586201EB}.Release|Mixed Platforms.Build.0 = Release|Any CPU
		{4E519AC2-6104-4A87-AFAE-B4DC586201EB}.Release|x86.ActiveCfg = Release|Any CPU
		{74C2B1A6-AFC1-46E0-B164-E89836C8027E}.Debug|Any CPU.ActiveCfg = Debug|Any CPU
		{74C2B1A6-AFC1-46E0-B164-E89836C8027E}.Debug|Any CPU.Build.0 = Debug|Any CPU
		{74C2B1A6-AFC1-46E0-B164-E89836C8027E}.Debug|Mixed Platforms.ActiveCfg = Debug|Any CPU
		{74C2B1A6-AFC1-46E0-B164-E89836C8027E}.Debug|Mixed Platforms.Build.0 = Debug|Any CPU
		{74C2B1A6-AFC1-46E0-B164-E89836C8027E}.Debug|x86.ActiveCfg = Debug|Any CPU
		{74C2B1A6-AFC1-46E0-B164-E89836C8027E}.Release|Any CPU.ActiveCfg = Release|Any CPU
		{74C2B1A6-AFC1-46E0-B164-E89836C8027E}.Release|Any CPU.Build.0 = Release|Any CPU
		{74C2B1A6-AFC1-46E0-B164-E89836C8027E}.Release|Mixed Platforms.ActiveCfg = Release|Any CPU
		{74C2B1A6-AFC1-46E0-B164-E89836C8027E}.Release|Mixed Platforms.Build.0 = Release|Any CPU
		{74C2B1A6-AFC1-46E0-B164-E89836C8027E}.Release|x86.ActiveCfg = Release|Any CPU
		{259CF580-C69A-4146-A20F-04F138D94874}.Debug|Any CPU.ActiveCfg = Debug|Any CPU
		{259CF580-C69A-4146-A20F-04F138D94874}.Debug|Any CPU.Build.0 = Debug|Any CPU
		{259CF580-C69A-4146-A20F-04F138D94874}.Debug|Mixed Platforms.ActiveCfg = Debug|Any CPU
		{259CF580-C69A-4146-A20F-04F138D94874}.Debug|Mixed Platforms.Build.0 = Debug|Any CPU
		{259CF580-C69A-4146-A20F-04F138D94874}.Debug|x86.ActiveCfg = Debug|Any CPU
		{259CF580-C69A-4146-A20F-04F138D94874}.Release|Any CPU.ActiveCfg = Release|Any CPU
		{259CF580-C69A-4146-A20F-04F138D94874}.Release|Any CPU.Build.0 = Release|Any CPU
		{259CF580-C69A-4146-A20F-04F138D94874}.Release|Mixed Platforms.ActiveCfg = Release|Any CPU
		{259CF580-C69A-4146-A20F-04F138D94874}.Release|Mixed Platforms.Build.0 = Release|Any CPU
		{259CF580-C69A-4146-A20F-04F138D94874}.Release|x86.ActiveCfg = Release|Any CPU
		{246D4396-6B15-410B-821A-FFFC735A69EB}.Debug|Any CPU.ActiveCfg = Debug|Any CPU
		{246D4396-6B15-410B-821A-FFFC735A69EB}.Debug|Any CPU.Build.0 = Debug|Any CPU
		{246D4396-6B15-410B-821A-FFFC735A69EB}.Debug|Mixed Platforms.ActiveCfg = Debug|Any CPU
		{246D4396-6B15-410B-821A-FFFC735A69EB}.Debug|Mixed Platforms.Build.0 = Debug|Any CPU
		{246D4396-6B15-410B-821A-FFFC735A69EB}.Debug|x86.ActiveCfg = Debug|Any CPU
		{246D4396-6B15-410B-821A-FFFC735A69EB}.Release|Any CPU.ActiveCfg = Release|Any CPU
		{246D4396-6B15-410B-821A-FFFC735A69EB}.Release|Any CPU.Build.0 = Release|Any CPU
		{246D4396-6B15-410B-821A-FFFC735A69EB}.Release|Mixed Platforms.ActiveCfg = Release|Any CPU
		{246D4396-6B15-410B-821A-FFFC735A69EB}.Release|Mixed Platforms.Build.0 = Release|Any CPU
		{246D4396-6B15-410B-821A-FFFC735A69EB}.Release|x86.ActiveCfg = Release|Any CPU
		{7E457590-9C22-40C5-8986-8BF102A5517F}.Debug|Any CPU.ActiveCfg = Debug|x86
		{7E457590-9C22-40C5-8986-8BF102A5517F}.Debug|Mixed Platforms.ActiveCfg = Debug|x86
		{7E457590-9C22-40C5-8986-8BF102A5517F}.Debug|Mixed Platforms.Build.0 = Debug|x86
		{7E457590-9C22-40C5-8986-8BF102A5517F}.Debug|x86.ActiveCfg = Debug|x86
		{7E457590-9C22-40C5-8986-8BF102A5517F}.Debug|x86.Build.0 = Debug|x86
		{7E457590-9C22-40C5-8986-8BF102A5517F}.Release|Any CPU.ActiveCfg = Release|x86
		{7E457590-9C22-40C5-8986-8BF102A5517F}.Release|Mixed Platforms.ActiveCfg = Release|x86
		{7E457590-9C22-40C5-8986-8BF102A5517F}.Release|Mixed Platforms.Build.0 = Release|x86
		{7E457590-9C22-40C5-8986-8BF102A5517F}.Release|x86.ActiveCfg = Release|x86
		{7E457590-9C22-40C5-8986-8BF102A5517F}.Release|x86.Build.0 = Release|x86
		{9B21FD87-C546-4D8A-AD75-A5B70C584478}.Debug|Any CPU.ActiveCfg = Debug
		{9B21FD87-C546-4D8A-AD75-A5B70C584478}.Debug|Any CPU.Build.0 = Debug
		{9B21FD87-C546-4D8A-AD75-A5B70C584478}.Debug|Mixed Platforms.ActiveCfg = Release
		{9B21FD87-C546-4D8A-AD75-A5B70C584478}.Debug|x86.ActiveCfg = Debug
		{9B21FD87-C546-4D8A-AD75-A5B70C584478}.Debug|x86.Build.0 = Debug
		{9B21FD87-C546-4D8A-AD75-A5B70C584478}.Release|Any CPU.ActiveCfg = Release
		{9B21FD87-C546-4D8A-AD75-A5B70C584478}.Release|Any CPU.Build.0 = Release
		{9B21FD87-C546-4D8A-AD75-A5B70C584478}.Release|Mixed Platforms.ActiveCfg = Release
		{9B21FD87-C546-4D8A-AD75-A5B70C584478}.Release|Mixed Platforms.Build.0 = Release
		{9B21FD87-C546-4D8A-AD75-A5B70C584478}.Release|x86.ActiveCfg = Release
		{9B21FD87-C546-4D8A-AD75-A5B70C584478}.Release|x86.Build.0 = Release
		{CDF51280-6B20-455E-9076-780F459E2850}.Debug|Any CPU.ActiveCfg = Debug|Any CPU
		{CDF51280-6B20-455E-9076-780F459E2850}.Debug|Any CPU.Build.0 = Debug|Any CPU
		{CDF51280-6B20-455E-9076-780F459E2850}.Debug|Mixed Platforms.ActiveCfg = Debug|Any CPU
		{CDF51280-6B20-455E-9076-780F459E2850}.Debug|Mixed Platforms.Build.0 = Debug|Any CPU
		{CDF51280-6B20-455E-9076-780F459E2850}.Debug|x86.ActiveCfg = Debug|Any CPU
		{CDF51280-6B20-455E-9076-780F459E2850}.Release|Any CPU.ActiveCfg = Release|Any CPU
		{CDF51280-6B20-455E-9076-780F459E2850}.Release|Any CPU.Build.0 = Release|Any CPU
		{CDF51280-6B20-455E-9076-780F459E2850}.Release|Mixed Platforms.ActiveCfg = Release|Any CPU
		{CDF51280-6B20-455E-9076-780F459E2850}.Release|Mixed Platforms.Build.0 = Release|Any CPU
		{CDF51280-6B20-455E-9076-780F459E2850}.Release|x86.ActiveCfg = Release|Any CPU
	EndGlobalSection
	GlobalSection(SolutionProperties) = preSolution
		HideSolutionNode = FALSE
	EndGlobalSection
EndGlobal
